
Microsoft Visual Studio Solution File, Format Version 12.00
# Visual Studio Version 16
VisualStudioVersion = 16.0.31911.196
MinimumVisualStudioVersion = 10.0.40219.1
Project("{FAE04EC0-301F-11D3-BF4B-00C04F79EFBC}") = "Pra.Tamagotchi.Core", "Pra.Tamagotchi.Core\Pra.Tamagotchi.Core.csproj", "{EAC5E022-ACDE-4FD4-99CD-337A599AB3F5}"
EndProject
Project("{FAE04EC0-301F-11D3-BF4B-00C04F79EFBC}") = "Pra.Tamagotchi.Wpf", "Pra.Tamagotchi.Wpf\Pra.Tamagotchi.Wpf.csproj", "{79F4E83B-B66B-4434-A510-219510DAF499}"
EndProject
Global
	GlobalSection(SolutionConfigurationPlatforms) = preSolution
		Debug|Any CPU = Debug|Any CPU
		Release|Any CPU = Release|Any CPU
	EndGlobalSection
	GlobalSection(ProjectConfigurationPlatforms) = postSolution
		{EAC5E022-ACDE-4FD4-99CD-337A599AB3F5}.Debug|Any CPU.ActiveCfg = Debug|Any CPU
		{EAC5E022-ACDE-4FD4-99CD-337A599AB3F5}.Debug|Any CPU.Build.0 = Debug|Any CPU
		{EAC5E022-ACDE-4FD4-99CD-337A599AB3F5}.Release|Any CPU.ActiveCfg = Release|Any CPU
		{EAC5E022-ACDE-4FD4-99CD-337A599AB3F5}.Release|Any CPU.Build.0 = Release|Any CPU
		{79F4E83B-B66B-4434-A510-219510DAF499}.Debug|Any CPU.ActiveCfg = Debug|Any CPU
		{79F4E83B-B66B-4434-A510-219510DAF499}.Debug|Any CPU.Build.0 = Debug|Any CPU
		{79F4E83B-B66B-4434-A510-219510DAF499}.Release|Any CPU.ActiveCfg = Release|Any CPU
		{79F4E83B-B66B-4434-A510-219510DAF499}.Release|Any CPU.Build.0 = Release|Any CPU
	EndGlobalSection
	GlobalSection(SolutionProperties) = preSolution
		HideSolutionNode = FALSE
	EndGlobalSection
	GlobalSection(ExtensibilityGlobals) = postSolution
		SolutionGuid = {6104D1F1-0110-4474-9A56-BA9BF57E7421}
	EndGlobalSection
EndGlobal
